
Microsoft Visual Studio Solution File, Format Version 12.00
# Visual Studio Version 17
VisualStudioVersion = 17.8.34525.116
MinimumVisualStudioVersion = 10.0.40219.1
Project("{9A19103F-16F7-4668-BE54-9A1E7A4F7556}") = "DisneyPlayhouse", "DisneyPlayhouse\DisneyPlayhouse.csproj", "{E3E624C2-FCD7-4E61-8EC9-7916E67BB56F}"
EndProject
Project("{9A19103F-16F7-4668-BE54-9A1E7A4F7556}") = "DisneyPlayhouseLibrary", "DisneyPlayhouseLibrary\DisneyPlayhouseLibrary.csproj", "{B4D16AD1-D009-49F7-BAE8-F0E8BD9B4CE1}"
EndProject
Project("{00D1A9C2-B5F0-4AF3-8072-F6C62B433612}") = "DisneyPlayhouseDatabase", "DisneyPlayhouseDatabase\DisneyPlayhouseDatabase.sqlproj", "{BCBB88E2-B949-4906-AC46-31F97F902C34}"
EndProject
Global
	GlobalSection(SolutionConfigurationPlatforms) = preSolution
		Debug|Any CPU = Debug|Any CPU
		Release|Any CPU = Release|Any CPU
	EndGlobalSection
	GlobalSection(ProjectConfigurationPlatforms) = postSolution
		{E3E624C2-FCD7-4E61-8EC9-7916E67BB56F}.Debug|Any CPU.ActiveCfg = Debug|Any CPU
		{E3E624C2-FCD7-4E61-8EC9-7916E67BB56F}.Debug|Any CPU.Build.0 = Debug|Any CPU
		{E3E624C2-FCD7-4E61-8EC9-7916E67BB56F}.Release|Any CPU.ActiveCfg = Release|Any CPU
		{E3E624C2-FCD7-4E61-8EC9-7916E67BB56F}.Release|Any CPU.Build.0 = Release|Any CPU
		{B4D16AD1-D009-49F7-BAE8-F0E8BD9B4CE1}.Debug|Any CPU.ActiveCfg = Debug|Any CPU
		{B4D16AD1-D009-49F7-BAE8-F0E8BD9B4CE1}.Debug|Any CPU.Build.0 = Debug|Any CPU
		{B4D16AD1-D009-49F7-BAE8-F0E8BD9B4CE1}.Release|Any CPU.ActiveCfg = Release|Any CPU
		{B4D16AD1-D009-49F7-BAE8-F0E8BD9B4CE1}.Release|Any CPU.Build.0 = Release|Any CPU
		{BCBB88E2-B949-4906-AC46-31F97F902C34}.Debug|Any CPU.ActiveCfg = Debug|Any CPU
		{BCBB88E2-B949-4906-AC46-31F97F902C34}.Debug|Any CPU.Build.0 = Debug|Any CPU
		{BCBB88E2-B949-4906-AC46-31F97F902C34}.Debug|Any CPU.Deploy.0 = Debug|Any CPU
		{BCBB88E2-B949-4906-AC46-31F97F902C34}.Release|Any CPU.ActiveCfg = Release|Any CPU
		{BCBB88E2-B949-4906-AC46-31F97F902C34}.Release|Any CPU.Build.0 = Release|Any CPU
		{BCBB88E2-B949-4906-AC46-31F97F902C34}.Release|Any CPU.Deploy.0 = Release|Any CPU
	EndGlobalSection
	GlobalSection(SolutionProperties) = preSolution
		HideSolutionNode = FALSE
	EndGlobalSection
	GlobalSection(ExtensibilityGlobals) = postSolution
		SolutionGuid = {5D554323-69E1-449C-A2FA-428C14BFF918}
	EndGlobalSection
EndGlobal
